
Microsoft Visual Studio Solution File, Format Version 12.00
# Visual Studio Version 17
VisualStudioVersion = 17.2.32630.192
MinimumVisualStudioVersion = 10.0.40219.1
Project("{E24C65DC-7377-472B-9ABA-BC803B73C61A}") = "AtacadoWeb", "http://localhost:49867", "{D32C7760-01E0-4B04-8E6A-1E15660A14BB}"
	ProjectSection(WebsiteProperties) = preProject
		UseIISExpress = "true"
		TargetFrameworkMoniker = ".NETFramework,Version%3Dv4.8"
		Debug.AspNetCompiler.VirtualPath = "/localhost_49867"
		Debug.AspNetCompiler.PhysicalPath = "..\..\..\Documents\My Web Sites\AtacadoWeb\"
		Debug.AspNetCompiler.TargetPath = "PrecompiledWeb\localhost_49867\"
		Debug.AspNetCompiler.Updateable = "true"
		Debug.AspNetCompiler.ForceOverwrite = "true"
		Debug.AspNetCompiler.FixedNames = "false"
		Debug.AspNetCompiler.Debug = "True"
		Release.AspNetCompiler.VirtualPath = "/localhost_49867"
		Release.AspNetCompiler.PhysicalPath = "..\..\..\Documents\My Web Sites\AtacadoWeb\"
		Release.AspNetCompiler.TargetPath = "PrecompiledWeb\localhost_49867\"
		Release.AspNetCompiler.Updateable = "true"
		Release.AspNetCompiler.ForceOverwrite = "true"
		Release.AspNetCompiler.FixedNames = "false"
		Release.AspNetCompiler.Debug = "False"
		SlnRelativePath = "..\..\..\Documents\My Web Sites\AtacadoWeb\"
	EndProjectSection
EndProject
Global
	GlobalSection(SolutionConfigurationPlatforms) = preSolution
		Debug|Any CPU = Debug|Any CPU
	EndGlobalSection
	GlobalSection(ProjectConfigurationPlatforms) = postSolution
		{D32C7760-01E0-4B04-8E6A-1E15660A14BB}.Debug|Any CPU.ActiveCfg = Debug|Any CPU
		{D32C7760-01E0-4B04-8E6A-1E15660A14BB}.Debug|Any CPU.Build.0 = Debug|Any CPU
	EndGlobalSection
	GlobalSection(SolutionProperties) = preSolution
		HideSolutionNode = FALSE
	EndGlobalSection
	GlobalSection(ExtensibilityGlobals) = postSolution
		SolutionGuid = {915470B2-16AD-4606-A187-FC7D547B2752}
	EndGlobalSection
EndGlobal
